
Microsoft Visual Studio Solution File, Format Version 12.00
# Visual Studio 2017
Project("{FAE04EC0-301F-11D3-BF4B-00C04F79EFBC}") = "HalloweenAttack", "HalloweenAttack.csproj", "{97F75CA7-71DA-8736-B34F-FB2F91270D69}"
EndProject
Global
	GlobalSection(SolutionConfigurationPlatforms) = preSolution
		Debug|Any CPU = Debug|Any CPU
		Release|Any CPU = Release|Any CPU
	EndGlobalSection
	GlobalSection(ProjectConfigurationPlatforms) = postSolution
		{97F75CA7-71DA-8736-B34F-FB2F91270D69}.Debug|Any CPU.ActiveCfg = Debug|Any CPU
		{97F75CA7-71DA-8736-B34F-FB2F91270D69}.Debug|Any CPU.Build.0 = Debug|Any CPU
		{97F75CA7-71DA-8736-B34F-FB2F91270D69}.Release|Any CPU.ActiveCfg = Release|Any CPU
		{97F75CA7-71DA-8736-B34F-FB2F91270D69}.Release|Any CPU.Build.0 = Release|Any CPU
	EndGlobalSection
	GlobalSection(SolutionProperties) = preSolution
		HideSolutionNode = FALSE
	EndGlobalSection
EndGlobal
